
Microsoft Visual Studio Solution File, Format Version 12.00
# Visual Studio Version 17
VisualStudioVersion = 17.0.31903.59
MinimumVisualStudioVersion = 10.0.40219.1
Project("{FAE04EC0-301F-11D3-BF4B-00C04F79EFBC}") = "API", "API\API.csproj", "{F271830A-53E9-432F-A084-667CC0300A5A}"
EndProject
Project("{FAE04EC0-301F-11D3-BF4B-00C04F79EFBC}") = "Application", "Application\Application.csproj", "{8BB7C1C0-CF49-463E-AC4A-4C0E424A3773}"
EndProject
Project("{FAE04EC0-301F-11D3-BF4B-00C04F79EFBC}") = "Domain", "Domain\Domain.csproj", "{550AE8F8-FDFB-45A9-A289-F599B4D816D4}"
EndProject
Project("{FAE04EC0-301F-11D3-BF4B-00C04F79EFBC}") = "Persistence", "Persistence\Persistence.csproj", "{73A538C1-4C5C-47BA-9D83-86008A024B6A}"
EndProject
Global
	GlobalSection(SolutionConfigurationPlatforms) = preSolution
		Debug|Any CPU = Debug|Any CPU
		Release|Any CPU = Release|Any CPU
	EndGlobalSection
	GlobalSection(SolutionProperties) = preSolution
		HideSolutionNode = FALSE
	EndGlobalSection
	GlobalSection(ProjectConfigurationPlatforms) = postSolution
		{F271830A-53E9-432F-A084-667CC0300A5A}.Debug|Any CPU.ActiveCfg = Debug|Any CPU
		{F271830A-53E9-432F-A084-667CC0300A5A}.Debug|Any CPU.Build.0 = Debug|Any CPU
		{F271830A-53E9-432F-A084-667CC0300A5A}.Release|Any CPU.ActiveCfg = Release|Any CPU
		{F271830A-53E9-432F-A084-667CC0300A5A}.Release|Any CPU.Build.0 = Release|Any CPU
		{8BB7C1C0-CF49-463E-AC4A-4C0E424A3773}.Debug|Any CPU.ActiveCfg = Debug|Any CPU
		{8BB7C1C0-CF49-463E-AC4A-4C0E424A3773}.Debug|Any CPU.Build.0 = Debug|Any CPU
		{8BB7C1C0-CF49-463E-AC4A-4C0E424A3773}.Release|Any CPU.ActiveCfg = Release|Any CPU
		{8BB7C1C0-CF49-463E-AC4A-4C0E424A3773}.Release|Any CPU.Build.0 = Release|Any CPU
		{550AE8F8-FDFB-45A9-A289-F599B4D816D4}.Debug|Any CPU.ActiveCfg = Debug|Any CPU
		{550AE8F8-FDFB-45A9-A289-F599B4D816D4}.Debug|Any CPU.Build.0 = Debug|Any CPU
		{550AE8F8-FDFB-45A9-A289-F599B4D816D4}.Release|Any CPU.ActiveCfg = Release|Any CPU
		{550AE8F8-FDFB-45A9-A289-F599B4D816D4}.Release|Any CPU.Build.0 = Release|Any CPU
		{73A538C1-4C5C-47BA-9D83-86008A024B6A}.Debug|Any CPU.ActiveCfg = Debug|Any CPU
		{73A538C1-4C5C-47BA-9D83-86008A024B6A}.Debug|Any CPU.Build.0 = Debug|Any CPU
		{73A538C1-4C5C-47BA-9D83-86008A024B6A}.Release|Any CPU.ActiveCfg = Release|Any CPU
		{73A538C1-4C5C-47BA-9D83-86008A024B6A}.Release|Any CPU.Build.0 = Release|Any CPU
	EndGlobalSection
EndGlobal
